
Microsoft Visual Studio Solution File, Format Version 12.00
# Visual Studio Version 16
VisualStudioVersion = 16.0.29503.13
MinimumVisualStudioVersion = 10.0.40219.1
Project("{FAE04EC0-301F-11D3-BF4B-00C04F79EFBC}") = "Esoft_Project", "Esoft_Project\Esoft_Project.csproj", "{830ACFE5-6EE7-48FE-B2F5-D0570B9C871E}"
EndProject
Global
	GlobalSection(SolutionConfigurationPlatforms) = preSolution
		Debug|Any CPU = Debug|Any CPU
		Release|Any CPU = Release|Any CPU
	EndGlobalSection
	GlobalSection(ProjectConfigurationPlatforms) = postSolution
		{830ACFE5-6EE7-48FE-B2F5-D0570B9C871E}.Debug|Any CPU.ActiveCfg = Debug|Any CPU
		{830ACFE5-6EE7-48FE-B2F5-D0570B9C871E}.Debug|Any CPU.Build.0 = Debug|Any CPU
		{830ACFE5-6EE7-48FE-B2F5-D0570B9C871E}.Release|Any CPU.ActiveCfg = Release|Any CPU
		{830ACFE5-6EE7-48FE-B2F5-D0570B9C871E}.Release|Any CPU.Build.0 = Release|Any CPU
	EndGlobalSection
	GlobalSection(SolutionProperties) = preSolution
		HideSolutionNode = FALSE
	EndGlobalSection
	GlobalSection(ExtensibilityGlobals) = postSolution
		SolutionGuid = {64AB0AA2-5116-4191-ABCC-C26A069104E3}
	EndGlobalSection
EndGlobal
